// !$*UTF8*$!
{
	archiveVersion = 1;
	classes = {
	};
	objectVersion = 77;
	objects = {

/* Begin PBXBuildFile section */
		4118EC382CED2ABA00C780CE /* README.md in Resources */ = {isa = PBXBuildFile; fileRef = 4118EC362CED2AB100C780CE /* README.md */; };
/* End PBXBuildFile section */

/* Begin PBXContainerItemProxy section */
		419E19BE2CE7731400AC5FEB /* PBXContainerItemProxy */ = {
			isa = PBXContainerItemProxy;
			containerPortal = 419E19A02CE7731200AC5FEB /* Project object */;
			proxyType = 1;
			remoteGlobalIDString = 419E19A72CE7731200AC5FEB;
			remoteInfo = MyToDoList;
		};
		419E19C82CE7731400AC5FEB /* PBXContainerItemProxy */ = {
			isa = PBXContainerItemProxy;
			containerPortal = 419E19A02CE7731200AC5FEB /* Project object */;
			proxyType = 1;
			remoteGlobalIDString = 419E19A72CE7731200AC5FEB;
			remoteInfo = MyToDoList;
		};
/* End PBXContainerItemProxy section */

/* Begin PBXFileReference section */
		4118EC362CED2AB100C780CE /* README.md */ = {isa = PBXFileReference; lastKnownFileType = net.daringfireball.markdown; path = README.md; sourceTree = "<group>"; };
		416893362CF07ACB000CE75C /* MyToDoList.xctestplan */ = {isa = PBXFileReference; lastKnownFileType = text; path = MyToDoList.xctestplan; sourceTree = "<group>"; };
		419E19A82CE7731200AC5FEB /* MyToDoList.app */ = {isa = PBXFileReference; explicitFileType = wrapper.application; includeInIndex = 0; path = MyToDoList.app; sourceTree = BUILT_PRODUCTS_DIR; };
		419E19BD2CE7731400AC5FEB /* MyToDoListTests.xctest */ = {isa = PBXFileReference; explicitFileType = wrapper.cfbundle; includeInIndex = 0; path = MyToDoListTests.xctest; sourceTree = BUILT_PRODUCTS_DIR; };
		419E19C72CE7731400AC5FEB /* MyToDoListUITests.xctest */ = {isa = PBXFileReference; explicitFileType = wrapper.cfbundle; includeInIndex = 0; path = MyToDoListUITests.xctest; sourceTree = BUILT_PRODUCTS_DIR; };
/* End PBXFileReference section */

/* Begin PBXFileSystemSynchronizedBuildFileExceptionSet section */
		419E19E42CE7746900AC5FEB /* Exceptions for "MyToDoList" folder in "MyToDoListTests" target */ = {
			isa = PBXFileSystemSynchronizedBuildFileExceptionSet;
			membershipExceptions = (
				API/APIService.swift,
				API/TodoService.swift,
				Components/CustomEditButton.swift,
				Components/DebounceTextField.swift,
				Components/KeyboarToolbar.swift,
				Components/SearchableModifier.swift,
				Components/TodoToolbar.swift,
				Model/TodoEntityModel.swift,
				Model/TodoError.swift,
				Model/TodoItem.swift,
				Model/TodoMenu.swift,
				Model/TodoServiceItem.swift,
				Model/TodoSetting.swift,
				Persistance/CoreDataManager.swift,
				Persistance/DataManager.swift,
				Resources/MyToDoList.xcdatamodeld,
				ViewModel/TodoViewModel.swift,
			);
			target = 419E19BC2CE7731400AC5FEB /* MyToDoListTests */;
		};
		419E19E52CE7746900AC5FEB /* Exceptions for "MyToDoList" folder in "MyToDoListUITests" target */ = {
			isa = PBXFileSystemSynchronizedBuildFileExceptionSet;
			membershipExceptions = (
				API/APIService.swift,
				API/TodoService.swift,
				Components/CustomEditButton.swift,
				Components/DebounceTextField.swift,
				Components/KeyboarToolbar.swift,
				Components/SearchableModifier.swift,
				Components/TodoToolbar.swift,
				Model/TodoEntityModel.swift,
				Model/TodoError.swift,
				Model/TodoItem.swift,
				Model/TodoMenu.swift,
				Model/TodoServiceItem.swift,
				Model/TodoSetting.swift,
				Persistance/CoreDataManager.swift,
				Persistance/DataManager.swift,
				Resources/MyToDoList.xcdatamodeld,
				ViewModel/TodoViewModel.swift,
				Views/TodoItemView.swift,
			);
			target = 419E19C62CE7731400AC5FEB /* MyToDoListUITests */;
		};
/* End PBXFileSystemSynchronizedBuildFileExceptionSet section */

/* Begin PBXFileSystemSynchronizedRootGroup section */
		4118EC492CED2EE300C780CE /* Screenshots */ = {
			isa = PBXFileSystemSynchronizedRootGroup;
			path = Screenshots;
			sourceTree = "<group>";
		};
		419E19AA2CE7731200AC5FEB /* MyToDoList */ = {
			isa = PBXFileSystemSynchronizedRootGroup;
			exceptions = (
				419E19E42CE7746900AC5FEB /* Exceptions for "MyToDoList" folder in "MyToDoListTests" target */,
				419E19E52CE7746900AC5FEB /* Exceptions for "MyToDoList" folder in "MyToDoListUITests" target */,
			);
			path = MyToDoList;
			sourceTree = "<group>";
		};
		419E19C02CE7731400AC5FEB /* MyToDoListTests */ = {
			isa = PBXFileSystemSynchronizedRootGroup;
			path = MyToDoListTests;
			sourceTree = "<group>";
		};
/* End PBXFileSystemSynchronizedRootGroup section */

/* Begin PBXFrameworksBuildPhase section */
		419E19A52CE7731200AC5FEB /* Frameworks */ = {
			isa = PBXFrameworksBuildPhase;
			buildActionMask = 2147483647;
			files = (
			);
			runOnlyForDeploymentPostprocessing = 0;
		};
		419E19BA2CE7731400AC5FEB /* Frameworks */ = {
			isa = PBXFrameworksBuildPhase;
			buildActionMask = 2147483647;
			files = (
			);
			runOnlyForDeploymentPostprocessing = 0;
		};
		419E19C42CE7731400AC5FEB /* Frameworks */ = {
			isa = PBXFrameworksBuildPhase;
			buildActionMask = 2147483647;
			files = (
			);
			runOnlyForDeploymentPostprocessing = 0;
		};
/* End PBXFrameworksBuildPhase section */

/* Begin PBXGroup section */
		419E199F2CE7731200AC5FEB = {
			isa = PBXGroup;
			children = (
				416893362CF07ACB000CE75C /* MyToDoList.xctestplan */,
				4118EC362CED2AB100C780CE /* README.md */,
				4118EC492CED2EE300C780CE /* Screenshots */,
				419E19AA2CE7731200AC5FEB /* MyToDoList */,
				419E19C02CE7731400AC5FEB /* MyToDoListTests */,
				419E19A92CE7731200AC5FEB /* Products */,
			);
			sourceTree = "<group>";
		};
		419E19A92CE7731200AC5FEB /* Products */ = {
			isa = PBXGroup;
			children = (
				419E19A82CE7731200AC5FEB /* MyToDoList.app */,
				419E19BD2CE7731400AC5FEB /* MyToDoListTests.xctest */,
				419E19C72CE7731400AC5FEB /* MyToDoListUITests.xctest */,
			);
			name = Products;
			sourceTree = "<group>";
		};
/* End PBXGroup section */

/* Begin PBXNativeTarget section */
		419E19A72CE7731200AC5FEB /* MyToDoList */ = {
			isa = PBXNativeTarget;
			buildConfigurationList = 419E19D12CE7731400AC5FEB /* Build configuration list for PBXNativeTarget "MyToDoList" */;
			buildPhases = (
				419E19A42CE7731200AC5FEB /* Sources */,
				419E19A52CE7731200AC5FEB /* Frameworks */,
				419E19A62CE7731200AC5FEB /* Resources */,
			);
			buildRules = (
			);
			dependencies = (
			);
			fileSystemSynchronizedGroups = (
				4118EC492CED2EE300C780CE /* Screenshots */,
				419E19AA2CE7731200AC5FEB /* MyToDoList */,
			);
			name = MyToDoList;
			packageProductDependencies = (
			);
			productName = MyToDoList;
			productReference = 419E19A82CE7731200AC5FEB /* MyToDoList.app */;
			productType = "com.apple.product-type.application";
		};
		419E19BC2CE7731400AC5FEB /* MyToDoListTests */ = {
			isa = PBXNativeTarget;
			buildConfigurationList = 419E19D42CE7731400AC5FEB /* Build configuration list for PBXNativeTarget "MyToDoListTests" */;
			buildPhases = (
				419E19B92CE7731400AC5FEB /* Sources */,
				419E19BA2CE7731400AC5FEB /* Frameworks */,
				419E19BB2CE7731400AC5FEB /* Resources */,
			);
			buildRules = (
			);
			dependencies = (
				419E19BF2CE7731400AC5FEB /* PBXTargetDependency */,
			);
			fileSystemSynchronizedGroups = (
				419E19C02CE7731400AC5FEB /* MyToDoListTests */,
			);
			name = MyToDoListTests;
			packageProductDependencies = (
			);
			productName = MyToDoListTests;
			productReference = 419E19BD2CE7731400AC5FEB /* MyToDoListTests.xctest */;
			productType = "com.apple.product-type.bundle.unit-test";
		};
		419E19C62CE7731400AC5FEB /* MyToDoListUITests */ = {
			isa = PBXNativeTarget;
			buildConfigurationList = 419E19D72CE7731400AC5FEB /* Build configuration list for PBXNativeTarget "MyToDoListUITests" */;
			buildPhases = (
				419E19C32CE7731400AC5FEB /* Sources */,
				419E19C42CE7731400AC5FEB /* Frameworks */,
				419E19C52CE7731400AC5FEB /* Resources */,
			);
			buildRules = (
			);
			dependencies = (
				419E19C92CE7731400AC5FEB /* PBXTargetDependency */,
			);
			name = MyToDoListUITests;
			packageProductDependencies = (
			);
			productName = MyToDoListUITests;
			productReference = 419E19C72CE7731400AC5FEB /* MyToDoListUITests.xctest */;
			productType = "com.apple.product-type.bundle.ui-testing";
		};
/* End PBXNativeTarget section */

/* Begin PBXProject section */
		419E19A02CE7731200AC5FEB /* Project object */ = {
			isa = PBXProject;
			attributes = {
				BuildIndependentTargetsInParallel = 1;
				LastSwiftUpdateCheck = 1610;
				LastUpgradeCheck = 1610;
				TargetAttributes = {
					419E19A72CE7731200AC5FEB = {
						CreatedOnToolsVersion = 16.1;
					};
					419E19BC2CE7731400AC5FEB = {
						CreatedOnToolsVersion = 16.1;
						TestTargetID = 419E19A72CE7731200AC5FEB;
					};
					419E19C62CE7731400AC5FEB = {
						CreatedOnToolsVersion = 16.1;
						TestTargetID = 419E19A72CE7731200AC5FEB;
					};
				};
			};
			buildConfigurationList = 419E19A32CE7731200AC5FEB /* Build configuration list for PBXProject "MyToDoList" */;
			developmentRegion = en;
			hasScannedForEncodings = 0;
			knownRegions = (
				en,
				Base,
			);
			mainGroup = 419E199F2CE7731200AC5FEB;
			minimizedProjectReferenceProxies = 1;
			preferredProjectObjectVersion = 77;
			productRefGroup = 419E19A92CE7731200AC5FEB /* Products */;
			projectDirPath = "";
			projectRoot = "";
			targets = (
				419E19A72CE7731200AC5FEB /* MyToDoList */,
				419E19BC2CE7731400AC5FEB /* MyToDoListTests */,
				419E19C62CE7731400AC5FEB /* MyToDoListUITests */,
			);
		};
/* End PBXProject section */

/* Begin PBXResourcesBuildPhase section */
		419E19A62CE7731200AC5FEB /* Resources */ = {
			isa = PBXResourcesBuildPhase;
			buildActionMask = 2147483647;
			files = (
				4118EC382CED2ABA00C780CE /* README.md in Resources */,
			);
			runOnlyForDeploymentPostprocessing = 0;
		};
		419E19BB2CE7731400AC5FEB /* Resources */ = {
			isa = PBXResourcesBuildPhase;
			buildActionMask = 2147483647;
			files = (
			);
			runOnlyForDeploymentPostprocessing = 0;
		};
		419E19C52CE7731400AC5FEB /* Resources */ = {
			isa = PBXResourcesBuildPhase;
			buildActionMask = 2147483647;
			files = (
			);
			runOnlyForDeploymentPostprocessing = 0;
		};
/* End PBXResourcesBuildPhase section */

/* Begin PBXSourcesBuildPhase section */
		419E19A42CE7731200AC5FEB /* Sources */ = {
			isa = PBXSourcesBuildPhase;
			buildActionMask = 2147483647;
			files = (
			);
			runOnlyForDeploymentPostprocessing = 0;
		};
		419E19B92CE7731400AC5FEB /* Sources */ = {
			isa = PBXSourcesBuildPhase;
			buildActionMask = 2147483647;
			files = (
			);
			runOnlyForDeploymentPostprocessing = 0;
		};
		419E19C32CE7731400AC5FEB /* Sources */ = {
			isa = PBXSourcesBuildPhase;
			buildActionMask = 2147483647;
			files = (
			);
			runOnlyForDeploymentPostprocessing = 0;
		};
/* End PBXSourcesBuildPhase section */

/* Begin PBXTargetDependency section */
		419E19BF2CE7731400AC5FEB /* PBXTargetDependency */ = {
			isa = PBXTargetDependency;
			target = 419E19A72CE7731200AC5FEB /* MyToDoList */;
			targetProxy = 419E19BE2CE7731400AC5FEB /* PBXContainerItemProxy */;
		};
		419E19C92CE7731400AC5FEB /* PBXTargetDependency */ = {
			isa = PBXTargetDependency;
			target = 419E19A72CE7731200AC5FEB /* MyToDoList */;
			targetProxy = 419E19C82CE7731400AC5FEB /* PBXContainerItemProxy */;
		};
/* End PBXTargetDependency section */

/* Begin XCBuildConfiguration section */
		419E19CF2CE7731400AC5FEB /* Debug */ = {
			isa = XCBuildConfiguration;
			buildSettings = {
				ALWAYS_SEARCH_USER_PATHS = NO;
				ASSETCATALOG_COMPILER_GENERATE_SWIFT_ASSET_SYMBOL_EXTENSIONS = YES;
				CLANG_ANALYZER_NONNULL = YES;
				CLANG_ANALYZER_NUMBER_OBJECT_CONVERSION = YES_AGGRESSIVE;
				CLANG_CXX_LANGUAGE_STANDARD = "gnu++20";
				CLANG_ENABLE_MODULES = YES;
				CLANG_ENABLE_OBJC_ARC = YES;
				CLANG_ENABLE_OBJC_WEAK = YES;
				CLANG_WARN_BLOCK_CAPTURE_AUTORELEASING = YES;
				CLANG_WARN_BOOL_CONVERSION = YES;
				CLANG_WARN_COMMA = YES;
				CLANG_WARN_CONSTANT_CONVERSION = YES;
				CLANG_WARN_DEPRECATED_OBJC_IMPLEMENTATIONS = YES;
				CLANG_WARN_DIRECT_OBJC_ISA_USAGE = YES_ERROR;
				CLANG_WARN_DOCUMENTATION_COMMENTS = YES;
				CLANG_WARN_EMPTY_BODY = YES;
				CLANG_WARN_ENUM_CONVERSION = YES;
				CLANG_WARN_INFINITE_RECURSION = YES;
				CLANG_WARN_INT_CONVERSION = YES;
				CLANG_WARN_NON_LITERAL_NULL_CONVERSION = YES;
				CLANG_WARN_OBJC_IMPLICIT_RETAIN_SELF = YES;
				CLANG_WARN_OBJC_LITERAL_CONVERSION = YES;
				CLANG_WARN_OBJC_ROOT_CLASS = YES_ERROR;
				CLANG_WARN_QUOTED_INCLUDE_IN_FRAMEWORK_HEADER = YES;
				CLANG_WARN_RANGE_LOOP_ANALYSIS = YES;
				CLANG_WARN_STRICT_PROTOTYPES = YES;
				CLANG_WARN_SUSPICIOUS_MOVE = YES;
				CLANG_WARN_UNGUARDED_AVAILABILITY = YES_AGGRESSIVE;
				CLANG_WARN_UNREACHABLE_CODE = YES;
				CLANG_WARN__DUPLICATE_METHOD_MATCH = YES;
				COPY_PHASE_STRIP = NO;
				DEBUG_INFORMATION_FORMAT = dwarf;
				ENABLE_STRICT_OBJC_MSGSEND = YES;
				ENABLE_TESTABILITY = YES;
				ENABLE_USER_SCRIPT_SANDBOXING = YES;
				GCC_C_LANGUAGE_STANDARD = gnu17;
				GCC_DYNAMIC_NO_PIC = NO;
				GCC_NO_COMMON_BLOCKS = YES;
				GCC_OPTIMIZATION_LEVEL = 0;
				GCC_PREPROCESSOR_DEFINITIONS = (
					"DEBUG=1",
					"$(inherited)",
				);
				GCC_WARN_64_TO_32_BIT_CONVERSION = YES;
				GCC_WARN_ABOUT_RETURN_TYPE = YES_ERROR;
				GCC_WARN_UNDECLARED_SELECTOR = YES;
				GCC_WARN_UNINITIALIZED_AUTOS = YES_AGGRESSIVE;
				GCC_WARN_UNUSED_FUNCTION = YES;
				GCC_WARN_UNUSED_VARIABLE = YES;
				GENERATE_INFOPLIST_FILE = YES;
				IPHONEOS_DEPLOYMENT_TARGET = 18.1;
				LOCALIZATION_PREFERS_STRING_CATALOGS = YES;
				MTL_ENABLE_DEBUG_INFO = INCLUDE_SOURCE;
				MTL_FAST_MATH = YES;
				ONLY_ACTIVE_ARCH = YES;
				SDKROOT = iphoneos;
				SWIFT_ACTIVE_COMPILATION_CONDITIONS = "DEBUG $(inherited)";
				SWIFT_OPTIMIZATION_LEVEL = "-Onone";
			};
			name = Debug;
		};
		419E19D02CE7731400AC5FEB /* Release */ = {
			isa = XCBuildConfiguration;
			buildSettings = {
				ALWAYS_SEARCH_USER_PATHS = NO;
				ASSETCATALOG_COMPILER_GENERATE_SWIFT_ASSET_SYMBOL_EXTENSIONS = YES;
				CLANG_ANALYZER_NONNULL = YES;
				CLANG_ANALYZER_NUMBER_OBJECT_CONVERSION = YES_AGGRESSIVE;
				CLANG_CXX_LANGUAGE_STANDARD = "gnu++20";
				CLANG_ENABLE_MODULES = YES;
				CLANG_ENABLE_OBJC_ARC = YES;
				CLANG_ENABLE_OBJC_WEAK = YES;
				CLANG_WARN_BLOCK_CAPTURE_AUTORELEASING = YES;
				CLANG_WARN_BOOL_CONVERSION = YES;
				CLANG_WARN_COMMA = YES;
				CLANG_WARN_CONSTANT_CONVERSION = YES;
				CLANG_WARN_DEPRECATED_OBJC_IMPLEMENTATIONS = YES;
				CLANG_WARN_DIRECT_OBJC_ISA_USAGE = YES_ERROR;
				CLANG_WARN_DOCUMENTATION_COMMENTS = YES;
				CLANG_WARN_EMPTY_BODY = YES;
				CLANG_WARN_ENUM_CONVERSION = YES;
				CLANG_WARN_INFINITE_RECURSION = YES;
				CLANG_WARN_INT_CONVERSION = YES;
				CLANG_WARN_NON_LITERAL_NULL_CONVERSION = YES;
				CLANG_WARN_OBJC_IMPLICIT_RETAIN_SELF = YES;
				CLANG_WARN_OBJC_LITERAL_CONVERSION = YES;
				CLANG_WARN_OBJC_ROOT_CLASS = YES_ERROR;
				CLANG_WARN_QUOTED_INCLUDE_IN_FRAMEWORK_HEADER = YES;
				CLANG_WARN_RANGE_LOOP_ANALYSIS = YES;
				CLANG_WARN_STRICT_PROTOTYPES = YES;
				CLANG_WARN_SUSPICIOUS_MOVE = YES;
				CLANG_WARN_UNGUARDED_AVAILABILITY = YES_AGGRESSIVE;
				CLANG_WARN_UNREACHABLE_CODE = YES;
				CLANG_WARN__DUPLICATE_METHOD_MATCH = YES;
				COPY_PHASE_STRIP = NO;
				DEBUG_INFORMATION_FORMAT = "dwarf-with-dsym";
				ENABLE_NS_ASSERTIONS = NO;
				ENABLE_STRICT_OBJC_MSGSEND = YES;
				ENABLE_USER_SCRIPT_SANDBOXING = YES;
				GCC_C_LANGUAGE_STANDARD = gnu17;
				GCC_NO_COMMON_BLOCKS = YES;
				GCC_WARN_64_TO_32_BIT_CONVERSION = YES;
				GCC_WARN_ABOUT_RETURN_TYPE = YES_ERROR;
				GCC_WARN_UNDECLARED_SELECTOR = YES;
				GCC_WARN_UNINITIALIZED_AUTOS = YES_AGGRESSIVE;
				GCC_WARN_UNUSED_FUNCTION = YES;
				GCC_WARN_UNUSED_VARIABLE = YES;
				GENERATE_INFOPLIST_FILE = YES;
				IPHONEOS_DEPLOYMENT_TARGET = 18.1;
				LOCALIZATION_PREFERS_STRING_CATALOGS = YES;
				MTL_ENABLE_DEBUG_INFO = NO;
				MTL_FAST_MATH = YES;
				SDKROOT = iphoneos;
				SWIFT_COMPILATION_MODE = wholemodule;
				VALIDATE_PRODUCT = YES;
			};
			name = Release;
		};
		419E19D22CE7731400AC5FEB /* Debug */ = {
			isa = XCBuildConfiguration;
			buildSettings = {
				ASSETCATALOG_COMPILER_APPICON_NAME = AppIcon;
				ASSETCATALOG_COMPILER_GLOBAL_ACCENT_COLOR_NAME = AccentColor;
				CODE_SIGN_STYLE = Automatic;
				CURRENT_PROJECT_VERSION = 1;
				DEVELOPMENT_ASSET_PATHS = "\"MyToDoList/Preview Content\"";
				DEVELOPMENT_TEAM = 6AZ8WMLP5K;
				ENABLE_PREVIEWS = YES;
				GENERATE_INFOPLIST_FILE = YES;
				INFOPLIST_FILE = "";
				INFOPLIST_KEY_LSApplicationCategoryType = "public.app-category.utilities";
				INFOPLIST_KEY_UIApplicationSceneManifest_Generation = NO;
				INFOPLIST_KEY_UIApplicationSupportsIndirectInputEvents = YES;
				INFOPLIST_KEY_UILaunchScreen_Generation = YES;
				INFOPLIST_KEY_UISupportedInterfaceOrientations_iPad = "UIInterfaceOrientationPortrait UIInterfaceOrientationPortraitUpsideDown UIInterfaceOrientationLandscapeLeft UIInterfaceOrientationLandscapeRight";
				INFOPLIST_KEY_UISupportedInterfaceOrientations_iPhone = "UIInterfaceOrientationPortrait UIInterfaceOrientationLandscapeLeft UIInterfaceOrientationLandscapeRight";
				IPHONEOS_DEPLOYMENT_TARGET = 17.6;
				LD_RUNPATH_SEARCH_PATHS = (
					"$(inherited)",
					"@executable_path/Frameworks",
				);
				MARKETING_VERSION = 1.0;
				PRODUCT_BUNDLE_IDENTIFIER = com.mutagrey.MyToDoList;
				PRODUCT_NAME = "$(TARGET_NAME)";
				SWIFT_EMIT_LOC_STRINGS = YES;
				SWIFT_VERSION = 5.0;
				TARGETED_DEVICE_FAMILY = "1,2";
			};
			name = Debug;
		};
		419E19D32CE7731400AC5FEB /* Release */ = {
			isa = XCBuildConfiguration;
			buildSettings = {
				ASSETCATALOG_COMPILER_APPICON_NAME = AppIcon;
				ASSETCATALOG_COMPILER_GLOBAL_ACCENT_COLOR_NAME = AccentColor;
				CODE_SIGN_STYLE = Automatic;
				CURRENT_PROJECT_VERSION = 1;
				DEVELOPMENT_ASSET_PATHS = "\"MyToDoList/Preview Content\"";
				DEVELOPMENT_TEAM = 6AZ8WMLP5K;
				ENABLE_PREVIEWS = YES;
				GENERATE_INFOPLIST_FILE = YES;
				INFOPLIST_FILE = "";
				INFOPLIST_KEY_LSApplicationCategoryType = "public.app-category.utilities";
				INFOPLIST_KEY_UIApplicationSceneManifest_Generation = NO;
				INFOPLIST_KEY_UIApplicationSupportsIndirectInputEvents = YES;
				INFOPLIST_KEY_UILaunchScreen_Generation = YES;
				INFOPLIST_KEY_UISupportedInterfaceOrientations_iPad = "UIInterfaceOrientationPortrait UIInterfaceOrientationPortraitUpsideDown UIInterfaceOrientationLandscapeLeft UIInterfaceOrientationLandscapeRight";
				INFOPLIST_KEY_UISupportedInterfaceOrientations_iPhone = "UIInterfaceOrientationPortrait UIInterfaceOrientationLandscapeLeft UIInterfaceOrientationLandscapeRight";
				IPHONEOS_DEPLOYMENT_TARGET = 17.6;
				LD_RUNPATH_SEARCH_PATHS = (
					"$(inherited)",
					"@executable_path/Frameworks",
				);
				MARKETING_VERSION = 1.0;
				PRODUCT_BUNDLE_IDENTIFIER = com.mutagrey.MyToDoList;
				PRODUCT_NAME = "$(TARGET_NAME)";
				SWIFT_EMIT_LOC_STRINGS = YES;
				SWIFT_VERSION = 5.0;
				TARGETED_DEVICE_FAMILY = "1,2";
			};
			name = Release;
		};
		419E19D52CE7731400AC5FEB /* Debug */ = {
			isa = XCBuildConfiguration;
			buildSettings = {
				BUNDLE_LOADER = "$(TEST_HOST)";
				CODE_SIGN_STYLE = Automatic;
				CURRENT_PROJECT_VERSION = 1;
				DEVELOPMENT_TEAM = 6AZ8WMLP5K;
				GENERATE_INFOPLIST_FILE = YES;
				IPHONEOS_DEPLOYMENT_TARGET = 18.1;
				MARKETING_VERSION = 1.0;
				PRODUCT_BUNDLE_IDENTIFIER = com.mutagrey.MyToDoListTests;
				PRODUCT_NAME = "$(TARGET_NAME)";
				SWIFT_EMIT_LOC_STRINGS = NO;
				SWIFT_VERSION = 5.0;
				TARGETED_DEVICE_FAMILY = "1,2";
				TEST_HOST = "$(BUILT_PRODUCTS_DIR)/MyToDoList.app/$(BUNDLE_EXECUTABLE_FOLDER_PATH)/MyToDoList";
			};
			name = Debug;
		};
		419E19D62CE7731400AC5FEB /* Release */ = {
			isa = XCBuildConfiguration;
			buildSettings = {
				BUNDLE_LOADER = "$(TEST_HOST)";
				CODE_SIGN_STYLE = Automatic;
				CURRENT_PROJECT_VERSION = 1;
				DEVELOPMENT_TEAM = 6AZ8WMLP5K;
				GENERATE_INFOPLIST_FILE = YES;
				IPHONEOS_DEPLOYMENT_TARGET = 18.1;
				MARKETING_VERSION = 1.0;
				PRODUCT_BUNDLE_IDENTIFIER = com.mutagrey.MyToDoListTests;
				PRODUCT_NAME = "$(TARGET_NAME)";
				SWIFT_EMIT_LOC_STRINGS = NO;
				SWIFT_VERSION = 5.0;
				TARGETED_DEVICE_FAMILY = "1,2";
				TEST_HOST = "$(BUILT_PRODUCTS_DIR)/MyToDoList.app/$(BUNDLE_EXECUTABLE_FOLDER_PATH)/MyToDoList";
			};
			name = Release;
		};
		419E19D82CE7731400AC5FEB /* Debug */ = {
			isa = XCBuildConfiguration;
			buildSettings = {
				CODE_SIGN_STYLE = Automatic;
				CURRENT_PROJECT_VERSION = 1;
				DEVELOPMENT_TEAM = 6AZ8WMLP5K;
				GENERATE_INFOPLIST_FILE = YES;
				MARKETING_VERSION = 1.0;
				PRODUCT_BUNDLE_IDENTIFIER = com.mutagrey.MyToDoListUITests;
				PRODUCT_NAME = "$(TARGET_NAME)";
				SWIFT_EMIT_LOC_STRINGS = NO;
				SWIFT_VERSION = 5.0;
				TARGETED_DEVICE_FAMILY = "1,2";
				TEST_TARGET_NAME = MyToDoList;
			};
			name = Debug;
		};
		419E19D92CE7731400AC5FEB /* Release */ = {
			isa = XCBuildConfiguration;
			buildSettings = {
				CODE_SIGN_STYLE = Automatic;
				CURRENT_PROJECT_VERSION = 1;
				DEVELOPMENT_TEAM = 6AZ8WMLP5K;
				GENERATE_INFOPLIST_FILE = YES;
				MARKETING_VERSION = 1.0;
				PRODUCT_BUNDLE_IDENTIFIER = com.mutagrey.MyToDoListUITests;
				PRODUCT_NAME = "$(TARGET_NAME)";
				SWIFT_EMIT_LOC_STRINGS = NO;
				SWIFT_VERSION = 5.0;
				TARGETED_DEVICE_FAMILY = "1,2";
				TEST_TARGET_NAME = MyToDoList;
			};
			name = Release;
		};
/* End XCBuildConfiguration section */

/* Begin XCConfigurationList section */
		419E19A32CE7731200AC5FEB /* Build configuration list for PBXProject "MyToDoList" */ = {
			isa = XCConfigurationList;
			buildConfigurations = (
				419E19CF2CE7731400AC5FEB /* Debug */,
				419E19D02CE7731400AC5FEB /* Release */,
			);
			defaultConfigurationIsVisible = 0;
			defaultConfigurationName = Release;
		};
		419E19D12CE7731400AC5FEB /* Build configuration list for PBXNativeTarget "MyToDoList" */ = {
			isa = XCConfigurationList;
			buildConfigurations = (
				419E19D22CE7731400AC5FEB /* Debug */,
				419E19D32CE7731400AC5FEB /* Release */,
			);
			defaultConfigurationIsVisible = 0;
			defaultConfigurationName = Release;
		};
		419E19D42CE7731400AC5FEB /* Build configuration list for PBXNativeTarget "MyToDoListTests" */ = {
			isa = XCConfigurationList;
			buildConfigurations = (
				419E19D52CE7731400AC5FEB /* Debug */,
				419E19D62CE7731400AC5FEB /* Release */,
			);
			defaultConfigurationIsVisible = 0;
			defaultConfigurationName = Release;
		};
		419E19D72CE7731400AC5FEB /* Build configuration list for PBXNativeTarget "MyToDoListUITests" */ = {
			isa = XCConfigurationList;
			buildConfigurations = (
				419E19D82CE7731400AC5FEB /* Debug */,
				419E19D92CE7731400AC5FEB /* Release */,
			);
			defaultConfigurationIsVisible = 0;
			defaultConfigurationName = Release;
		};
/* End XCConfigurationList section */
	};
	rootObject = 419E19A02CE7731200AC5FEB /* Project object */;
}
